
Microsoft Visual Studio Solution File, Format Version 12.00
# Visual Studio Version 16
VisualStudioVersion = 16.0.30503.244
MinimumVisualStudioVersion = 10.0.40219.1
Project("{FAE04EC0-301F-11D3-BF4B-00C04F79EFBC}") = "Hfs.Server", "Hfs.Server\Hfs.Server.csproj", "{6FE8607C-ECCB-494B-9633-6955CA91000C}"
EndProject
Project("{9A19103F-16F7-4668-BE54-9A1E7A4F7556}") = "Hfs.Client", "Hfs.Client\Hfs.Client.csproj", "{5749DAE9-3130-4ECE-8B58-7DDA2222208D}"
EndProject
Project("{9A19103F-16F7-4668-BE54-9A1E7A4F7556}") = "Hfs.Core.Test", "Hfs.Core.Test\Hfs.Core.Test.csproj", "{4D228C2D-B3FF-4B1D-9F2A-5205FD00BB6E}"
EndProject
Global
	GlobalSection(SolutionConfigurationPlatforms) = preSolution
		Debug|Any CPU = Debug|Any CPU
		Release|Any CPU = Release|Any CPU
	EndGlobalSection
	GlobalSection(ProjectConfigurationPlatforms) = postSolution
		{6FE8607C-ECCB-494B-9633-6955CA91000C}.Debug|Any CPU.ActiveCfg = Debug|Any CPU
		{6FE8607C-ECCB-494B-9633-6955CA91000C}.Debug|Any CPU.Build.0 = Debug|Any CPU
		{6FE8607C-ECCB-494B-9633-6955CA91000C}.Release|Any CPU.ActiveCfg = Release|Any CPU
		{6FE8607C-ECCB-494B-9633-6955CA91000C}.Release|Any CPU.Build.0 = Release|Any CPU
		{5749DAE9-3130-4ECE-8B58-7DDA2222208D}.Debug|Any CPU.ActiveCfg = Debug|Any CPU
		{5749DAE9-3130-4ECE-8B58-7DDA2222208D}.Debug|Any CPU.Build.0 = Debug|Any CPU
		{5749DAE9-3130-4ECE-8B58-7DDA2222208D}.Release|Any CPU.ActiveCfg = Release|Any CPU
		{5749DAE9-3130-4ECE-8B58-7DDA2222208D}.Release|Any CPU.Build.0 = Release|Any CPU
		{4D228C2D-B3FF-4B1D-9F2A-5205FD00BB6E}.Debug|Any CPU.ActiveCfg = Debug|Any CPU
		{4D228C2D-B3FF-4B1D-9F2A-5205FD00BB6E}.Debug|Any CPU.Build.0 = Debug|Any CPU
		{4D228C2D-B3FF-4B1D-9F2A-5205FD00BB6E}.Release|Any CPU.ActiveCfg = Release|Any CPU
		{4D228C2D-B3FF-4B1D-9F2A-5205FD00BB6E}.Release|Any CPU.Build.0 = Release|Any CPU
	EndGlobalSection
	GlobalSection(SolutionProperties) = preSolution
		HideSolutionNode = FALSE
	EndGlobalSection
	GlobalSection(ExtensibilityGlobals) = postSolution
		SolutionGuid = {D6B03B1C-DCB0-4B90-9DE0-F705F4702E8D}
	EndGlobalSection
EndGlobal
